
Microsoft Visual Studio Solution File, Format Version 12.00
# Visual Studio 2012
Project("{FAE04EC0-301F-11D3-BF4B-00C04F79EFBC}") = "OnionArchitecture.UI.Web", "OnionArchitecture.UI.Web\OnionArchitecture.UI.Web.csproj", "{A7C1EFF5-5696-46C1-8C8E-6F2960C01583}"
EndProject
Project("{FAE04EC0-301F-11D3-BF4B-00C04F79EFBC}") = "OnionArchitecture.Core", "OnionArchitecture.Core\OnionArchitecture.Core.csproj", "{0E1BAFAF-382A-4743-AC27-14ADFB57DB37}"
EndProject
Project("{FAE04EC0-301F-11D3-BF4B-00C04F79EFBC}") = "OnionArchitecture.Infrastructure", "OnionArchitecture.Infrastructure\OnionArchitecture.Infrastructure.csproj", "{03FF4F7A-08D1-4105-8662-285E583DCF9A}"
EndProject
Project("{2150E333-8FDC-42A3-9474-1A3956D46DE8}") = "Tests", "Tests", "{5763E470-FFE9-4E0D-A752-6B56411E4FF2}"
EndProject
Project("{FAE04EC0-301F-11D3-BF4B-00C04F79EFBC}") = "OnionArchitecture.UnitTests", "OnionArchitecture.UnitTests\OnionArchitecture.UnitTests.csproj", "{66B7C9B9-114F-497B-BF51-527460EFFEE0}"
EndProject
Global
	GlobalSection(SolutionConfigurationPlatforms) = preSolution
		Debug|Any CPU = Debug|Any CPU
		Release|Any CPU = Release|Any CPU
	EndGlobalSection
	GlobalSection(ProjectConfigurationPlatforms) = postSolution
		{A7C1EFF5-5696-46C1-8C8E-6F2960C01583}.Debug|Any CPU.ActiveCfg = Debug|Any CPU
		{A7C1EFF5-5696-46C1-8C8E-6F2960C01583}.Debug|Any CPU.Build.0 = Debug|Any CPU
		{A7C1EFF5-5696-46C1-8C8E-6F2960C01583}.Release|Any CPU.ActiveCfg = Release|Any CPU
		{A7C1EFF5-5696-46C1-8C8E-6F2960C01583}.Release|Any CPU.Build.0 = Release|Any CPU
		{0E1BAFAF-382A-4743-AC27-14ADFB57DB37}.Debug|Any CPU.ActiveCfg = Debug|Any CPU
		{0E1BAFAF-382A-4743-AC27-14ADFB57DB37}.Debug|Any CPU.Build.0 = Debug|Any CPU
		{0E1BAFAF-382A-4743-AC27-14ADFB57DB37}.Release|Any CPU.ActiveCfg = Release|Any CPU
		{0E1BAFAF-382A-4743-AC27-14ADFB57DB37}.Release|Any CPU.Build.0 = Release|Any CPU
		{03FF4F7A-08D1-4105-8662-285E583DCF9A}.Debug|Any CPU.ActiveCfg = Debug|Any CPU
		{03FF4F7A-08D1-4105-8662-285E583DCF9A}.Debug|Any CPU.Build.0 = Debug|Any CPU
		{03FF4F7A-08D1-4105-8662-285E583DCF9A}.Release|Any CPU.ActiveCfg = Release|Any CPU
		{03FF4F7A-08D1-4105-8662-285E583DCF9A}.Release|Any CPU.Build.0 = Release|Any CPU
		{66B7C9B9-114F-497B-BF51-527460EFFEE0}.Debug|Any CPU.ActiveCfg = Debug|Any CPU
		{66B7C9B9-114F-497B-BF51-527460EFFEE0}.Debug|Any CPU.Build.0 = Debug|Any CPU
		{66B7C9B9-114F-497B-BF51-527460EFFEE0}.Release|Any CPU.ActiveCfg = Release|Any CPU
		{66B7C9B9-114F-497B-BF51-527460EFFEE0}.Release|Any CPU.Build.0 = Release|Any CPU
	EndGlobalSection
	GlobalSection(SolutionProperties) = preSolution
		HideSolutionNode = FALSE
	EndGlobalSection
	GlobalSection(NestedProjects) = preSolution
		{66B7C9B9-114F-497B-BF51-527460EFFEE0} = {5763E470-FFE9-4E0D-A752-6B56411E4FF2}
	EndGlobalSection
EndGlobal
